
Microsoft Visual Studio Solution File, Format Version 12.00
# Visual Studio Version 17
VisualStudioVersion = 17.4.33205.214
MinimumVisualStudioVersion = 10.0.40219.1
Project("{FAE04EC0-301F-11D3-BF4B-00C04F79EFBC}") = "eAGM-eRequest-API", "eAGM-eRequest-API\eAGM-eRequest-API.csproj", "{8FE05D63-6E88-46D2-93B1-54D4FF1007CF}"
EndProject
Global
	GlobalSection(SolutionConfigurationPlatforms) = preSolution
		Debug|Any CPU = Debug|Any CPU
		Release|Any CPU = Release|Any CPU
	EndGlobalSection
	GlobalSection(ProjectConfigurationPlatforms) = postSolution
		{8FE05D63-6E88-46D2-93B1-54D4FF1007CF}.Debug|Any CPU.ActiveCfg = Debug|Any CPU
		{8FE05D63-6E88-46D2-93B1-54D4FF1007CF}.Debug|Any CPU.Build.0 = Debug|Any CPU
		{8FE05D63-6E88-46D2-93B1-54D4FF1007CF}.Release|Any CPU.ActiveCfg = Release|Any CPU
		{8FE05D63-6E88-46D2-93B1-54D4FF1007CF}.Release|Any CPU.Build.0 = Release|Any CPU
	EndGlobalSection
	GlobalSection(SolutionProperties) = preSolution
		HideSolutionNode = FALSE
	EndGlobalSection
	GlobalSection(ExtensibilityGlobals) = postSolution
		SolutionGuid = {DFACC2DB-5BF5-40C9-8935-CD1C75F8B340}
	EndGlobalSection
EndGlobal
